// !$*UTF8*$!
{
	archiveVersion = 1;
	classes = {
	};
	objectVersion = 46;
	objects = {

/* Begin PBXBuildFile section */
		5621B57C1DE2DDDE00C3B612 /* BaseViewController.swift in Sources */ = {isa = PBXBuildFile; fileRef = 5621B57B1DE2DDDE00C3B612 /* BaseViewController.swift */; };
		5621B5811DE2DF1700C3B612 /* Keyboard.swift in Sources */ = {isa = PBXBuildFile; fileRef = 5621B5801DE2DF1700C3B612 /* Keyboard.swift */; };
		5621B5831DE2DF7500C3B612 /* Logger.swift in Sources */ = {isa = PBXBuildFile; fileRef = 5621B5821DE2DF7500C3B612 /* Logger.swift */; };
		5621B5851DE2DF8700C3B612 /* Storyboard+Ext.swift in Sources */ = {isa = PBXBuildFile; fileRef = 5621B5841DE2DF8700C3B612 /* Storyboard+Ext.swift */; };
		5621B5871DE2DF8E00C3B612 /* String+Ext.swift in Sources */ = {isa = PBXBuildFile; fileRef = 5621B5861DE2DF8E00C3B612 /* String+Ext.swift */; };
		5621B5891DE2DFA300C3B612 /* Dispatch.swift in Sources */ = {isa = PBXBuildFile; fileRef = 5621B5881DE2DFA300C3B612 /* Dispatch.swift */; };
		5621B58B1DE2DFB500C3B612 /* APIRequest.swift in Sources */ = {isa = PBXBuildFile; fileRef = 5621B58A1DE2DFB500C3B612 /* APIRequest.swift */; };
		5621B58D1DE2DFF700C3B612 /* Notifier.swift in Sources */ = {isa = PBXBuildFile; fileRef = 5621B58C1DE2DFF700C3B612 /* Notifier.swift */; };
		5621B58F1DE2E07600C3B612 /* Constants.swift in Sources */ = {isa = PBXBuildFile; fileRef = 5621B58E1DE2E07600C3B612 /* Constants.swift */; };
		5621B5911DE2E0CA00C3B612 /* View+Ext.swift in Sources */ = {isa = PBXBuildFile; fileRef = 5621B5901DE2E0CA00C3B612 /* View+Ext.swift */; };
		5621B5931DE2E0D200C3B612 /* UIAlertController+Ext.swift in Sources */ = {isa = PBXBuildFile; fileRef = 5621B5921DE2E0D200C3B612 /* UIAlertController+Ext.swift */; };
		5621B5951DE2E0E300C3B612 /* ConfirmView.swift in Sources */ = {isa = PBXBuildFile; fileRef = 5621B5941DE2E0E300C3B612 /* ConfirmView.swift */; };
		5621B5971DE2E0F000C3B612 /* Label.swift in Sources */ = {isa = PBXBuildFile; fileRef = 5621B5961DE2E0F000C3B612 /* Label.swift */; };
		5621B5991DE2E0F600C3B612 /* Button.swift in Sources */ = {isa = PBXBuildFile; fileRef = 5621B5981DE2E0F600C3B612 /* Button.swift */; };
		5621B59B1DE2E1F400C3B612 /* TextField.swift in Sources */ = {isa = PBXBuildFile; fileRef = 5621B59A1DE2E1F400C3B612 /* TextField.swift */; };
		567C5D361DE379F600776171 /* FBSDKCoreKit.framework in Frameworks */ = {isa = PBXBuildFile; fileRef = 567C5D341DE379F600776171 /* FBSDKCoreKit.framework */; };
		567C5D371DE379F600776171 /* FBSDKLoginKit.framework in Frameworks */ = {isa = PBXBuildFile; fileRef = 567C5D351DE379F600776171 /* FBSDKLoginKit.framework */; };
		56CEB7851DE47A1800E84345 /* UIColor+Ext.swift in Sources */ = {isa = PBXBuildFile; fileRef = 56CEB7841DE47A1800E84345 /* UIColor+Ext.swift */; };
		56CEB7871DE4862B00E84345 /* BezierPath+Ext.swift in Sources */ = {isa = PBXBuildFile; fileRef = 56CEB7861DE4862B00E84345 /* BezierPath+Ext.swift */; };
		56CEB7891DE488BB00E84345 /* Bolts.framework in Frameworks */ = {isa = PBXBuildFile; fileRef = 56CEB7881DE488BB00E84345 /* Bolts.framework */; };
		7C0949631DE222250038018F /* AppDelegate.swift in Sources */ = {isa = PBXBuildFile; fileRef = 7C0949621DE222250038018F /* AppDelegate.swift */; };
		7C0949681DE222250038018F /* Main.storyboard in Resources */ = {isa = PBXBuildFile; fileRef = 7C0949661DE222250038018F /* Main.storyboard */; };
		7C09496A1DE222250038018F /* Assets.xcassets in Resources */ = {isa = PBXBuildFile; fileRef = 7C0949691DE222250038018F /* Assets.xcassets */; };
		7C09496D1DE222250038018F /* LaunchScreen.storyboard in Resources */ = {isa = PBXBuildFile; fileRef = 7C09496B1DE222250038018F /* LaunchScreen.storyboard */; };
		7C0949771DE236D40038018F /* ContainerViewCntroller.swift in Sources */ = {isa = PBXBuildFile; fileRef = 7C0949761DE236D40038018F /* ContainerViewCntroller.swift */; };
		7C09497D1DE240B10038018F /* BaseLoginViewController.swift in Sources */ = {isa = PBXBuildFile; fileRef = 7C09497C1DE240B10038018F /* BaseLoginViewController.swift */; };
		7C2C70151DE45316005DEDCA /* registr_v4-05.jpg in Resources */ = {isa = PBXBuildFile; fileRef = 7C2C70141DE45316005DEDCA /* registr_v4-05.jpg */; };
		7C513DB71DE399160054B38A /* SignUp.storyboard in Resources */ = {isa = PBXBuildFile; fileRef = 7C513DB61DE399160054B38A /* SignUp.storyboard */; };
		ECB15A486BFFAEA0F10517DD /* Pods_Mandarin.framework in Frameworks */ = {isa = PBXBuildFile; fileRef = 6B104AC557B3A7A971D59079 /* Pods_Mandarin.framework */; };
/* End PBXBuildFile section */

/* Begin PBXFileReference section */
		5621B57B1DE2DDDE00C3B612 /* BaseViewController.swift */ = {isa = PBXFileReference; fileEncoding = 4; lastKnownFileType = sourcecode.swift; path = BaseViewController.swift; sourceTree = "<group>"; };
		5621B5801DE2DF1700C3B612 /* Keyboard.swift */ = {isa = PBXFileReference; fileEncoding = 4; lastKnownFileType = sourcecode.swift; path = Keyboard.swift; sourceTree = "<group>"; };
		5621B5821DE2DF7500C3B612 /* Logger.swift */ = {isa = PBXFileReference; fileEncoding = 4; lastKnownFileType = sourcecode.swift; path = Logger.swift; sourceTree = "<group>"; };
		5621B5841DE2DF8700C3B612 /* Storyboard+Ext.swift */ = {isa = PBXFileReference; fileEncoding = 4; lastKnownFileType = sourcecode.swift; path = "Storyboard+Ext.swift"; sourceTree = "<group>"; };
		5621B5861DE2DF8E00C3B612 /* String+Ext.swift */ = {isa = PBXFileReference; fileEncoding = 4; lastKnownFileType = sourcecode.swift; path = "String+Ext.swift"; sourceTree = "<group>"; };
		5621B5881DE2DFA300C3B612 /* Dispatch.swift */ = {isa = PBXFileReference; fileEncoding = 4; lastKnownFileType = sourcecode.swift; path = Dispatch.swift; sourceTree = "<group>"; };
		5621B58A1DE2DFB500C3B612 /* APIRequest.swift */ = {isa = PBXFileReference; fileEncoding = 4; lastKnownFileType = sourcecode.swift; path = APIRequest.swift; sourceTree = "<group>"; };
		5621B58C1DE2DFF700C3B612 /* Notifier.swift */ = {isa = PBXFileReference; fileEncoding = 4; lastKnownFileType = sourcecode.swift; path = Notifier.swift; sourceTree = "<group>"; };
		5621B58E1DE2E07600C3B612 /* Constants.swift */ = {isa = PBXFileReference; fileEncoding = 4; lastKnownFileType = sourcecode.swift; path = Constants.swift; sourceTree = "<group>"; };
		5621B5901DE2E0CA00C3B612 /* View+Ext.swift */ = {isa = PBXFileReference; fileEncoding = 4; lastKnownFileType = sourcecode.swift; path = "View+Ext.swift"; sourceTree = "<group>"; };
		5621B5921DE2E0D200C3B612 /* UIAlertController+Ext.swift */ = {isa = PBXFileReference; fileEncoding = 4; lastKnownFileType = sourcecode.swift; path = "UIAlertController+Ext.swift"; sourceTree = "<group>"; };
		5621B5941DE2E0E300C3B612 /* ConfirmView.swift */ = {isa = PBXFileReference; fileEncoding = 4; lastKnownFileType = sourcecode.swift; path = ConfirmView.swift; sourceTree = "<group>"; };
		5621B5961DE2E0F000C3B612 /* Label.swift */ = {isa = PBXFileReference; fileEncoding = 4; lastKnownFileType = sourcecode.swift; path = Label.swift; sourceTree = "<group>"; };
		5621B5981DE2E0F600C3B612 /* Button.swift */ = {isa = PBXFileReference; fileEncoding = 4; lastKnownFileType = sourcecode.swift; path = Button.swift; sourceTree = "<group>"; };
		5621B59A1DE2E1F400C3B612 /* TextField.swift */ = {isa = PBXFileReference; fileEncoding = 4; lastKnownFileType = sourcecode.swift; path = TextField.swift; sourceTree = "<group>"; };
		567C5D341DE379F600776171 /* FBSDKCoreKit.framework */ = {isa = PBXFileReference; lastKnownFileType = wrapper.framework; path = FBSDKCoreKit.framework; sourceTree = "<group>"; };
		567C5D351DE379F600776171 /* FBSDKLoginKit.framework */ = {isa = PBXFileReference; lastKnownFileType = wrapper.framework; path = FBSDKLoginKit.framework; sourceTree = "<group>"; };
		567C5D3D1DE37BE900776171 /* Mandarin-Bridging-Header.h */ = {isa = PBXFileReference; lastKnownFileType = sourcecode.c.h; path = "Mandarin-Bridging-Header.h"; sourceTree = "<group>"; };
		56CEB7841DE47A1800E84345 /* UIColor+Ext.swift */ = {isa = PBXFileReference; fileEncoding = 4; lastKnownFileType = sourcecode.swift; path = "UIColor+Ext.swift"; sourceTree = "<group>"; };
		56CEB7861DE4862B00E84345 /* BezierPath+Ext.swift */ = {isa = PBXFileReference; fileEncoding = 4; lastKnownFileType = sourcecode.swift; path = "BezierPath+Ext.swift"; sourceTree = "<group>"; };
		56CEB7881DE488BB00E84345 /* Bolts.framework */ = {isa = PBXFileReference; lastKnownFileType = wrapper.framework; path = Bolts.framework; sourceTree = "<group>"; };
		59C633C6F7C974462971A9F1 /* Pods-Mandarin.debug.xcconfig */ = {isa = PBXFileReference; includeInIndex = 1; lastKnownFileType = text.xcconfig; name = "Pods-Mandarin.debug.xcconfig"; path = "Pods/Target Support Files/Pods-Mandarin/Pods-Mandarin.debug.xcconfig"; sourceTree = "<group>"; };
		6B104AC557B3A7A971D59079 /* Pods_Mandarin.framework */ = {isa = PBXFileReference; explicitFileType = wrapper.framework; includeInIndex = 0; path = Pods_Mandarin.framework; sourceTree = BUILT_PRODUCTS_DIR; };
		6C54CC98AB82A309CE8319DC /* Pods-Mandarin.release.xcconfig */ = {isa = PBXFileReference; includeInIndex = 1; lastKnownFileType = text.xcconfig; name = "Pods-Mandarin.release.xcconfig"; path = "Pods/Target Support Files/Pods-Mandarin/Pods-Mandarin.release.xcconfig"; sourceTree = "<group>"; };
		7C09495F1DE222250038018F /* Mandarin.app */ = {isa = PBXFileReference; explicitFileType = wrapper.application; includeInIndex = 0; path = Mandarin.app; sourceTree = BUILT_PRODUCTS_DIR; };
		7C0949621DE222250038018F /* AppDelegate.swift */ = {isa = PBXFileReference; lastKnownFileType = sourcecode.swift; path = AppDelegate.swift; sourceTree = "<group>"; };
		7C0949671DE222250038018F /* Base */ = {isa = PBXFileReference; lastKnownFileType = file.storyboard; name = Base; path = Base.lproj/Main.storyboard; sourceTree = "<group>"; };
		7C0949691DE222250038018F /* Assets.xcassets */ = {isa = PBXFileReference; lastKnownFileType = folder.assetcatalog; path = Assets.xcassets; sourceTree = "<group>"; };
		7C09496C1DE222250038018F /* Base */ = {isa = PBXFileReference; lastKnownFileType = file.storyboard; name = Base; path = Base.lproj/LaunchScreen.storyboard; sourceTree = "<group>"; };
		7C09496E1DE222250038018F /* Info.plist */ = {isa = PBXFileReference; lastKnownFileType = text.plist.xml; path = Info.plist; sourceTree = "<group>"; };
		7C0949761DE236D40038018F /* ContainerViewCntroller.swift */ = {isa = PBXFileReference; fileEncoding = 4; lastKnownFileType = sourcecode.swift; path = ContainerViewCntroller.swift; sourceTree = "<group>"; };
		7C09497C1DE240B10038018F /* BaseLoginViewController.swift */ = {isa = PBXFileReference; fileEncoding = 4; lastKnownFileType = sourcecode.swift; path = BaseLoginViewController.swift; sourceTree = "<group>"; };
		7C2C70141DE45316005DEDCA /* registr_v4-05.jpg */ = {isa = PBXFileReference; lastKnownFileType = image.jpeg; path = "registr_v4-05.jpg"; sourceTree = "<group>"; };
		7C513DB61DE399160054B38A /* SignUp.storyboard */ = {isa = PBXFileReference; fileEncoding = 4; lastKnownFileType = file.storyboard; path = SignUp.storyboard; sourceTree = "<group>"; };
/* End PBXFileReference section */

/* Begin PBXFrameworksBuildPhase section */
		7C09495C1DE222250038018F /* Frameworks */ = {
			isa = PBXFrameworksBuildPhase;
			buildActionMask = 2147483647;
			files = (
				ECB15A486BFFAEA0F10517DD /* Pods_Mandarin.framework in Frameworks */,
				567C5D361DE379F600776171 /* FBSDKCoreKit.framework in Frameworks */,
				567C5D371DE379F600776171 /* FBSDKLoginKit.framework in Frameworks */,
				56CEB7891DE488BB00E84345 /* Bolts.framework in Frameworks */,
			);
			runOnlyForDeploymentPostprocessing = 0;
		};
/* End PBXFrameworksBuildPhase section */

/* Begin PBXGroup section */
		20DD497CF19ED60CA2ECF05D /* Pods */ = {
			isa = PBXGroup;
			children = (
				59C633C6F7C974462971A9F1 /* Pods-Mandarin.debug.xcconfig */,
				6C54CC98AB82A309CE8319DC /* Pods-Mandarin.release.xcconfig */,
			);
			name = Pods;
			sourceTree = "<group>";
		};
		21949D324E7A39284F117969 /* Frameworks */ = {
			isa = PBXGroup;
			children = (
				567C5D2B1DE377BF00776171 /* Facebook */,
				6B104AC557B3A7A971D59079 /* Pods_Mandarin.framework */,
			);
			name = Frameworks;
			sourceTree = "<group>";
		};
		5621B57D1DE2DEDB00C3B612 /* Model */ = {
			isa = PBXGroup;
			children = (
			);
			name = Model;
			sourceTree = "<group>";
		};
		5621B57E1DE2DEE400C3B612 /* Extension */ = {
			isa = PBXGroup;
			children = (
				56CEB7861DE4862B00E84345 /* BezierPath+Ext.swift */,
				56CEB7841DE47A1800E84345 /* UIColor+Ext.swift */,
				5621B5921DE2E0D200C3B612 /* UIAlertController+Ext.swift */,
				5621B5901DE2E0CA00C3B612 /* View+Ext.swift */,
				5621B58A1DE2DFB500C3B612 /* APIRequest.swift */,
				5621B5841DE2DF8700C3B612 /* Storyboard+Ext.swift */,
				5621B5821DE2DF7500C3B612 /* Logger.swift */,
				5621B5801DE2DF1700C3B612 /* Keyboard.swift */,
				5621B5861DE2DF8E00C3B612 /* String+Ext.swift */,
				5621B5881DE2DFA300C3B612 /* Dispatch.swift */,
				5621B58C1DE2DFF700C3B612 /* Notifier.swift */,
			);
			name = Extension;
			sourceTree = "<group>";
		};
		5621B57F1DE2DEF500C3B612 /* View */ = {
			isa = PBXGroup;
			children = (
				5621B5941DE2E0E300C3B612 /* ConfirmView.swift */,
				5621B5961DE2E0F000C3B612 /* Label.swift */,
				5621B5981DE2E0F600C3B612 /* Button.swift */,
				5621B59A1DE2E1F400C3B612 /* TextField.swift */,
			);
			name = View;
			sourceTree = "<group>";
		};
		567C5D2B1DE377BF00776171 /* Facebook */ = {
			isa = PBXGroup;
			children = (
				567C5D341DE379F600776171 /* FBSDKCoreKit.framework */,
				567C5D351DE379F600776171 /* FBSDKLoginKit.framework */,
				56CEB7881DE488BB00E84345 /* Bolts.framework */,
			);
			name = Facebook;
			path = Frameworks/Facebook;
			sourceTree = "<group>";
		};
		7C0949561DE222250038018F = {
			isa = PBXGroup;
			children = (
				567C5D3D1DE37BE900776171 /* Mandarin-Bridging-Header.h */,
				7C0949611DE222250038018F /* Mandarin */,
				7C0949601DE222250038018F /* Products */,
				20DD497CF19ED60CA2ECF05D /* Pods */,
				21949D324E7A39284F117969 /* Frameworks */,
			);
			sourceTree = "<group>";
		};
		7C0949601DE222250038018F /* Products */ = {
			isa = PBXGroup;
			children = (
				7C09495F1DE222250038018F /* Mandarin.app */,
			);
			name = Products;
			sourceTree = "<group>";
		};
		7C0949611DE222250038018F /* Mandarin */ = {
			isa = PBXGroup;
			children = (
				7C0949621DE222250038018F /* AppDelegate.swift */,
				5621B58E1DE2E07600C3B612 /* Constants.swift */,
				5621B57F1DE2DEF500C3B612 /* View */,
				5621B57D1DE2DEDB00C3B612 /* Model */,
				7C0949751DE2368E0038018F /* View Controllers */,
				5621B57E1DE2DEE400C3B612 /* Extension */,
				7C2C700F1DE44CDC005DEDCA /* Images  */,
				7C0949661DE222250038018F /* Main.storyboard */,
				7C513DB61DE399160054B38A /* SignUp.storyboard */,
				7C0949691DE222250038018F /* Assets.xcassets */,
				7C09496B1DE222250038018F /* LaunchScreen.storyboard */,
				7C09496E1DE222250038018F /* Info.plist */,
			);
			path = Mandarin;
			sourceTree = "<group>";
		};
		7C0949751DE2368E0038018F /* View Controllers */ = {
			isa = PBXGroup;
			children = (
				5621B57B1DE2DDDE00C3B612 /* BaseViewController.swift */,
				7C0949761DE236D40038018F /* ContainerViewCntroller.swift */,
				7C09497C1DE240B10038018F /* BaseLoginViewController.swift */,
			);
			name = "View Controllers";
			sourceTree = "<group>";
		};
		7C2C700F1DE44CDC005DEDCA /* Images  */ = {
			isa = PBXGroup;
			children = (
				7C2C70141DE45316005DEDCA /* registr_v4-05.jpg */,
			);
			name = "Images ";
			sourceTree = "<group>";
		};
/* End PBXGroup section */

/* Begin PBXNativeTarget section */
		7C09495E1DE222250038018F /* Mandarin */ = {
			isa = PBXNativeTarget;
			buildConfigurationList = 7C0949711DE222250038018F /* Build configuration list for PBXNativeTarget "Mandarin" */;
			buildPhases = (
				54E9FA394A6A3D384B0468A0 /* [CP] Check Pods Manifest.lock */,
				7C09495B1DE222250038018F /* Sources */,
				7C09495C1DE222250038018F /* Frameworks */,
				7C09495D1DE222250038018F /* Resources */,
				EF600FEF29E36A053D759117 /* [CP] Embed Pods Frameworks */,
				6AFF35BAD9A68E4D2E91554A /* [CP] Copy Pods Resources */,
			);
			buildRules = (
			);
			dependencies = (
			);
			name = Mandarin;
			productName = Mandarin;
			productReference = 7C09495F1DE222250038018F /* Mandarin.app */;
			productType = "com.apple.product-type.application";
		};
/* End PBXNativeTarget section */

/* Begin PBXProject section */
		7C0949571DE222250038018F /* Project object */ = {
			isa = PBXProject;
			attributes = {
				LastSwiftUpdateCheck = 0800;
				LastUpgradeCheck = 0800;
				ORGANIZATIONNAME = Oleg;
				TargetAttributes = {
					7C09495E1DE222250038018F = {
						CreatedOnToolsVersion = 8.0;
						DevelopmentTeam = 934F43B838;
						LastSwiftMigration = 0810;
						ProvisioningStyle = Automatic;
					};
				};
			};
			buildConfigurationList = 7C09495A1DE222250038018F /* Build configuration list for PBXProject "Mandarin" */;
			compatibilityVersion = "Xcode 3.2";
			developmentRegion = English;
			hasScannedForEncodings = 0;
			knownRegions = (
				en,
				Base,
			);
			mainGroup = 7C0949561DE222250038018F;
			productRefGroup = 7C0949601DE222250038018F /* Products */;
			projectDirPath = "";
			projectRoot = "";
			targets = (
				7C09495E1DE222250038018F /* Mandarin */,
			);
		};
/* End PBXProject section */

/* Begin PBXResourcesBuildPhase section */
		7C09495D1DE222250038018F /* Resources */ = {
			isa = PBXResourcesBuildPhase;
			buildActionMask = 2147483647;
			files = (
				7C2C70151DE45316005DEDCA /* registr_v4-05.jpg in Resources */,
				7C09496D1DE222250038018F /* LaunchScreen.storyboard in Resources */,
				7C09496A1DE222250038018F /* Assets.xcassets in Resources */,
				7C513DB71DE399160054B38A /* SignUp.storyboard in Resources */,
				7C0949681DE222250038018F /* Main.storyboard in Resources */,
			);
			runOnlyForDeploymentPostprocessing = 0;
		};
/* End PBXResourcesBuildPhase section */

/* Begin PBXShellScriptBuildPhase section */
		54E9FA394A6A3D384B0468A0 /* [CP] Check Pods Manifest.lock */ = {
			isa = PBXShellScriptBuildPhase;
			buildActionMask = 2147483647;
			files = (
			);
			inputPaths = (
			);
			name = "[CP] Check Pods Manifest.lock";
			outputPaths = (
			);
			runOnlyForDeploymentPostprocessing = 0;
			shellPath = /bin/sh;
			shellScript = "diff \"${PODS_ROOT}/../Podfile.lock\" \"${PODS_ROOT}/Manifest.lock\" > /dev/null\nif [ $? != 0 ] ; then\n    # print error to STDERR\n    echo \"error: The sandbox is not in sync with the Podfile.lock. Run 'pod install' or update your CocoaPods installation.\" >&2\n    exit 1\nfi\n";
			showEnvVarsInLog = 0;
		};
		6AFF35BAD9A68E4D2E91554A /* [CP] Copy Pods Resources */ = {
			isa = PBXShellScriptBuildPhase;
			buildActionMask = 2147483647;
			files = (
			);
			inputPaths = (
			);
			name = "[CP] Copy Pods Resources";
			outputPaths = (
			);
			runOnlyForDeploymentPostprocessing = 0;
			shellPath = /bin/sh;
			shellScript = "\"${SRCROOT}/Pods/Target Support Files/Pods-Mandarin/Pods-Mandarin-resources.sh\"\n";
			showEnvVarsInLog = 0;
		};
		EF600FEF29E36A053D759117 /* [CP] Embed Pods Frameworks */ = {
			isa = PBXShellScriptBuildPhase;
			buildActionMask = 2147483647;
			files = (
			);
			inputPaths = (
			);
			name = "[CP] Embed Pods Frameworks";
			outputPaths = (
			);
			runOnlyForDeploymentPostprocessing = 0;
			shellPath = /bin/sh;
			shellScript = "\"${SRCROOT}/Pods/Target Support Files/Pods-Mandarin/Pods-Mandarin-frameworks.sh\"\n";
			showEnvVarsInLog = 0;
		};
/* End PBXShellScriptBuildPhase section */

/* Begin PBXSourcesBuildPhase section */
		7C09495B1DE222250038018F /* Sources */ = {
			isa = PBXSourcesBuildPhase;
			buildActionMask = 2147483647;
			files = (
				5621B5891DE2DFA300C3B612 /* Dispatch.swift in Sources */,
				5621B58D1DE2DFF700C3B612 /* Notifier.swift in Sources */,
				5621B5851DE2DF8700C3B612 /* Storyboard+Ext.swift in Sources */,
				5621B57C1DE2DDDE00C3B612 /* BaseViewController.swift in Sources */,
				56CEB7851DE47A1800E84345 /* UIColor+Ext.swift in Sources */,
				56CEB7871DE4862B00E84345 /* BezierPath+Ext.swift in Sources */,
				5621B5831DE2DF7500C3B612 /* Logger.swift in Sources */,
				7C0949631DE222250038018F /* AppDelegate.swift in Sources */,
				5621B5971DE2E0F000C3B612 /* Label.swift in Sources */,
				5621B5811DE2DF1700C3B612 /* Keyboard.swift in Sources */,
				7C0949771DE236D40038018F /* ContainerViewCntroller.swift in Sources */,
				5621B5951DE2E0E300C3B612 /* ConfirmView.swift in Sources */,
				5621B5931DE2E0D200C3B612 /* UIAlertController+Ext.swift in Sources */,
				5621B5871DE2DF8E00C3B612 /* String+Ext.swift in Sources */,
				5621B58B1DE2DFB500C3B612 /* APIRequest.swift in Sources */,
				7C09497D1DE240B10038018F /* BaseLoginViewController.swift in Sources */,
				5621B5911DE2E0CA00C3B612 /* View+Ext.swift in Sources */,
				5621B59B1DE2E1F400C3B612 /* TextField.swift in Sources */,
				5621B58F1DE2E07600C3B612 /* Constants.swift in Sources */,
				5621B5991DE2E0F600C3B612 /* Button.swift in Sources */,
			);
			runOnlyForDeploymentPostprocessing = 0;
		};
/* End PBXSourcesBuildPhase section */

/* Begin PBXVariantGroup section */
		7C0949661DE222250038018F /* Main.storyboard */ = {
			isa = PBXVariantGroup;
			children = (
				7C0949671DE222250038018F /* Base */,
			);
			name = Main.storyboard;
			sourceTree = "<group>";
		};
		7C09496B1DE222250038018F /* LaunchScreen.storyboard */ = {
			isa = PBXVariantGroup;
			children = (
				7C09496C1DE222250038018F /* Base */,
			);
			name = LaunchScreen.storyboard;
			sourceTree = "<group>";
		};
/* End PBXVariantGroup section */

/* Begin XCBuildConfiguration section */
		7C09496F1DE222250038018F /* Debug */ = {
			isa = XCBuildConfiguration;
			buildSettings = {
				ALWAYS_SEARCH_USER_PATHS = NO;
				CLANG_ANALYZER_NONNULL = YES;
				CLANG_CXX_LANGUAGE_STANDARD = "gnu++0x";
				CLANG_CXX_LIBRARY = "libc++";
				CLANG_ENABLE_MODULES = YES;
				CLANG_ENABLE_OBJC_ARC = YES;
				CLANG_WARN_BOOL_CONVERSION = YES;
				CLANG_WARN_CONSTANT_CONVERSION = YES;
				CLANG_WARN_DIRECT_OBJC_ISA_USAGE = YES_ERROR;
				CLANG_WARN_DOCUMENTATION_COMMENTS = YES;
				CLANG_WARN_EMPTY_BODY = YES;
				CLANG_WARN_ENUM_CONVERSION = YES;
				CLANG_WARN_INFINITE_RECURSION = YES;
				CLANG_WARN_INT_CONVERSION = YES;
				CLANG_WARN_OBJC_ROOT_CLASS = YES_ERROR;
				CLANG_WARN_SUSPICIOUS_MOVES = YES;
				CLANG_WARN_UNREACHABLE_CODE = YES;
				CLANG_WARN__DUPLICATE_METHOD_MATCH = YES;
				"CODE_SIGN_IDENTITY[sdk=iphoneos*]" = "iPhone Developer";
				COPY_PHASE_STRIP = NO;
				DEBUG_INFORMATION_FORMAT = dwarf;
				ENABLE_STRICT_OBJC_MSGSEND = YES;
				ENABLE_TESTABILITY = YES;
				GCC_C_LANGUAGE_STANDARD = gnu99;
				GCC_DYNAMIC_NO_PIC = NO;
				GCC_NO_COMMON_BLOCKS = YES;
				GCC_OPTIMIZATION_LEVEL = 0;
				GCC_PREPROCESSOR_DEFINITIONS = (
					"DEBUG=1",
					"$(inherited)",
				);
				GCC_WARN_64_TO_32_BIT_CONVERSION = YES;
				GCC_WARN_ABOUT_RETURN_TYPE = YES_ERROR;
				GCC_WARN_UNDECLARED_SELECTOR = YES;
				GCC_WARN_UNINITIALIZED_AUTOS = YES_AGGRESSIVE;
				GCC_WARN_UNUSED_FUNCTION = YES;
				GCC_WARN_UNUSED_VARIABLE = YES;
				IPHONEOS_DEPLOYMENT_TARGET = 10.0;
				MTL_ENABLE_DEBUG_INFO = YES;
				ONLY_ACTIVE_ARCH = YES;
				SDKROOT = iphoneos;
				SWIFT_ACTIVE_COMPILATION_CONDITIONS = DEBUG;
				SWIFT_OPTIMIZATION_LEVEL = "-Onone";
			};
			name = Debug;
		};
		7C0949701DE222250038018F /* Release */ = {
			isa = XCBuildConfiguration;
			buildSettings = {
				ALWAYS_SEARCH_USER_PATHS = NO;
				CLANG_ANALYZER_NONNULL = YES;
				CLANG_CXX_LANGUAGE_STANDARD = "gnu++0x";
				CLANG_CXX_LIBRARY = "libc++";
				CLANG_ENABLE_MODULES = YES;
				CLANG_ENABLE_OBJC_ARC = YES;
				CLANG_WARN_BOOL_CONVERSION = YES;
				CLANG_WARN_CONSTANT_CONVERSION = YES;
				CLANG_WARN_DIRECT_OBJC_ISA_USAGE = YES_ERROR;
				CLANG_WARN_DOCUMENTATION_COMMENTS = YES;
				CLANG_WARN_EMPTY_BODY = YES;
				CLANG_WARN_ENUM_CONVERSION = YES;
				CLANG_WARN_INFINITE_RECURSION = YES;
				CLANG_WARN_INT_CONVERSION = YES;
				CLANG_WARN_OBJC_ROOT_CLASS = YES_ERROR;
				CLANG_WARN_SUSPICIOUS_MOVES = YES;
				CLANG_WARN_UNREACHABLE_CODE = YES;
				CLANG_WARN__DUPLICATE_METHOD_MATCH = YES;
				"CODE_SIGN_IDENTITY[sdk=iphoneos*]" = "iPhone Developer";
				COPY_PHASE_STRIP = NO;
				DEBUG_INFORMATION_FORMAT = "dwarf-with-dsym";
				ENABLE_NS_ASSERTIONS = NO;
				ENABLE_STRICT_OBJC_MSGSEND = YES;
				GCC_C_LANGUAGE_STANDARD = gnu99;
				GCC_NO_COMMON_BLOCKS = YES;
				GCC_WARN_64_TO_32_BIT_CONVERSION = YES;
				GCC_WARN_ABOUT_RETURN_TYPE = YES_ERROR;
				GCC_WARN_UNDECLARED_SELECTOR = YES;
				GCC_WARN_UNINITIALIZED_AUTOS = YES_AGGRESSIVE;
				GCC_WARN_UNUSED_FUNCTION = YES;
				GCC_WARN_UNUSED_VARIABLE = YES;
				IPHONEOS_DEPLOYMENT_TARGET = 10.0;
				MTL_ENABLE_DEBUG_INFO = NO;
				SDKROOT = iphoneos;
				SWIFT_OPTIMIZATION_LEVEL = "-Owholemodule";
				VALIDATE_PRODUCT = YES;
			};
			name = Release;
		};
		7C0949721DE222250038018F /* Debug */ = {
			isa = XCBuildConfiguration;
			baseConfigurationReference = 59C633C6F7C974462971A9F1 /* Pods-Mandarin.debug.xcconfig */;
			buildSettings = {
				ASSETCATALOG_COMPILER_APPICON_NAME = AppIcon;
				CLANG_ENABLE_MODULES = YES;
				DEVELOPMENT_TEAM = 934F43B838;
				FRAMEWORK_SEARCH_PATHS = (
					"$(inherited)",
					"$(PROJECT_DIR)/Frameworks/Facebook",
					"$(PROJECT_DIR)",
				);
				INFOPLIST_FILE = Mandarin/Info.plist;
				LD_RUNPATH_SEARCH_PATHS = "$(inherited) @executable_path/Frameworks";
				PRODUCT_BUNDLE_IDENTIFIER = Home.Mandarin;
				PRODUCT_NAME = "$(TARGET_NAME)";
				SWIFT_OBJC_BRIDGING_HEADER = "Mandarin-Bridging-Header.h";
				SWIFT_OPTIMIZATION_LEVEL = "-Onone";
				SWIFT_VERSION = 3.0;
			};
			name = Debug;
		};
		7C0949731DE222250038018F /* Release */ = {
			isa = XCBuildConfiguration;
			baseConfigurationReference = 6C54CC98AB82A309CE8319DC /* Pods-Mandarin.release.xcconfig */;
			buildSettings = {
				ASSETCATALOG_COMPILER_APPICON_NAME = AppIcon;
				CLANG_ENABLE_MODULES = YES;
				DEVELOPMENT_TEAM = 934F43B838;
				FRAMEWORK_SEARCH_PATHS = (
					"$(inherited)",
					"$(PROJECT_DIR)",
					"$(PROJECT_DIR)/Frameworks/Facebook",
				);
				INFOPLIST_FILE = Mandarin/Info.plist;
				LD_RUNPATH_SEARCH_PATHS = "$(inherited) @executable_path/Frameworks";
				PRODUCT_BUNDLE_IDENTIFIER = Home.Mandarin;
				PRODUCT_NAME = "$(TARGET_NAME)";
				SWIFT_OBJC_BRIDGING_HEADER = "Mandarin-Bridging-Header.h";
				SWIFT_VERSION = 3.0;
			};
			name = Release;
		};
/* End XCBuildConfiguration section */

/* Begin XCConfigurationList section */
		7C09495A1DE222250038018F /* Build configuration list for PBXProject "Mandarin" */ = {
			isa = XCConfigurationList;
			buildConfigurations = (
				7C09496F1DE222250038018F /* Debug */,
				7C0949701DE222250038018F /* Release */,
			);
			defaultConfigurationIsVisible = 0;
			defaultConfigurationName = Release;
		};
		7C0949711DE222250038018F /* Build configuration list for PBXNativeTarget "Mandarin" */ = {
			isa = XCConfigurationList;
			buildConfigurations = (
				7C0949721DE222250038018F /* Debug */,
				7C0949731DE222250038018F /* Release */,
			);
			defaultConfigurationIsVisible = 0;
			defaultConfigurationName = Release;
		};
/* End XCConfigurationList section */
	};
	rootObject = 7C0949571DE222250038018F /* Project object */;
}
