// !$*UTF8*$!
{
	archiveVersion = 1;
	classes = {
	};
	objectVersion = 46;
	objects = {

/* Begin PBXBuildFile section */
		5621B57C1DE2DDDE00C3B612 /* BaseViewController.swift in Sources */ = {isa = PBXBuildFile; fileRef = 5621B57B1DE2DDDE00C3B612 /* BaseViewController.swift */; };
		5621B5811DE2DF1700C3B612 /* Keyboard.swift in Sources */ = {isa = PBXBuildFile; fileRef = 5621B5801DE2DF1700C3B612 /* Keyboard.swift */; };
		5621B5831DE2DF7500C3B612 /* Logger.swift in Sources */ = {isa = PBXBuildFile; fileRef = 5621B5821DE2DF7500C3B612 /* Logger.swift */; };
		5621B5851DE2DF8700C3B612 /* Storyboard+Ext.swift in Sources */ = {isa = PBXBuildFile; fileRef = 5621B5841DE2DF8700C3B612 /* Storyboard+Ext.swift */; };
		5621B5871DE2DF8E00C3B612 /* String+Ext.swift in Sources */ = {isa = PBXBuildFile; fileRef = 5621B5861DE2DF8E00C3B612 /* String+Ext.swift */; };
		5621B5891DE2DFA300C3B612 /* Dispatch.swift in Sources */ = {isa = PBXBuildFile; fileRef = 5621B5881DE2DFA300C3B612 /* Dispatch.swift */; };
		5621B58B1DE2DFB500C3B612 /* APIRequest.swift in Sources */ = {isa = PBXBuildFile; fileRef = 5621B58A1DE2DFB500C3B612 /* APIRequest.swift */; };
		5621B58D1DE2DFF700C3B612 /* Notifier.swift in Sources */ = {isa = PBXBuildFile; fileRef = 5621B58C1DE2DFF700C3B612 /* Notifier.swift */; };
		5621B58F1DE2E07600C3B612 /* Constants.swift in Sources */ = {isa = PBXBuildFile; fileRef = 5621B58E1DE2E07600C3B612 /* Constants.swift */; };
		5621B5911DE2E0CA00C3B612 /* View+Ext.swift in Sources */ = {isa = PBXBuildFile; fileRef = 5621B5901DE2E0CA00C3B612 /* View+Ext.swift */; };
		5621B5931DE2E0D200C3B612 /* UIAlertController+Ext.swift in Sources */ = {isa = PBXBuildFile; fileRef = 5621B5921DE2E0D200C3B612 /* UIAlertController+Ext.swift */; };
		5621B5951DE2E0E300C3B612 /* ConfirmView.swift in Sources */ = {isa = PBXBuildFile; fileRef = 5621B5941DE2E0E300C3B612 /* ConfirmView.swift */; };
		5621B5971DE2E0F000C3B612 /* Label.swift in Sources */ = {isa = PBXBuildFile; fileRef = 5621B5961DE2E0F000C3B612 /* Label.swift */; };
		5621B5991DE2E0F600C3B612 /* Button.swift in Sources */ = {isa = PBXBuildFile; fileRef = 5621B5981DE2E0F600C3B612 /* Button.swift */; };
		5621B59B1DE2E1F400C3B612 /* TextField.swift in Sources */ = {isa = PBXBuildFile; fileRef = 5621B59A1DE2E1F400C3B612 /* TextField.swift */; };
		563474311DEDBA21004ECDC4 /* SegmentControl.swift in Sources */ = {isa = PBXBuildFile; fileRef = 563474301DEDBA21004ECDC4 /* SegmentControl.swift */; };
		563474331DEDBC1B004ECDC4 /* GenericCollections+Ext.swift in Sources */ = {isa = PBXBuildFile; fileRef = 563474321DEDBC1B004ECDC4 /* GenericCollections+Ext.swift */; };
		563474351DEDC0DE004ECDC4 /* MainViewController.swift in Sources */ = {isa = PBXBuildFile; fileRef = 563474341DEDC0DE004ECDC4 /* MainViewController.swift */; };
		563474371DEDC3E9004ECDC4 /* Feeds.swift in Sources */ = {isa = PBXBuildFile; fileRef = 563474361DEDC3E9004ECDC4 /* Feeds.swift */; };
		563F94FF1DF4C4A90053EFF0 /* Product.swift in Sources */ = {isa = PBXBuildFile; fileRef = 563F94FE1DF4C4A90053EFF0 /* Product.swift */; };
		56574A931DF33241009C2466 /* User.swift in Sources */ = {isa = PBXBuildFile; fileRef = 56574A921DF33241009C2466 /* User.swift */; };
		56737B9B1DF616950007518C /* Category.swift in Sources */ = {isa = PBXBuildFile; fileRef = 56737B9A1DF616950007518C /* Category.swift */; };
		56899DD01DE9879B00EF02FE /* GoogleService-Info.plist in Resources */ = {isa = PBXBuildFile; fileRef = 56899DCF1DE9879B00EF02FE /* GoogleService-Info.plist */; };
		56B0FBD01DE97B4800DC1600 /* mandarin.ttf in Resources */ = {isa = PBXBuildFile; fileRef = 56B0FBCF1DE97B4500DC1600 /* mandarin.ttf */; };
		56CEB7851DE47A1800E84345 /* UIColor+Ext.swift in Sources */ = {isa = PBXBuildFile; fileRef = 56CEB7841DE47A1800E84345 /* UIColor+Ext.swift */; };
		56CEB7871DE4862B00E84345 /* BezierPath+Ext.swift in Sources */ = {isa = PBXBuildFile; fileRef = 56CEB7861DE4862B00E84345 /* BezierPath+Ext.swift */; };
		7C0949631DE222250038018F /* AppDelegate.swift in Sources */ = {isa = PBXBuildFile; fileRef = 7C0949621DE222250038018F /* AppDelegate.swift */; };
		7C09496A1DE222250038018F /* Assets.xcassets in Resources */ = {isa = PBXBuildFile; fileRef = 7C0949691DE222250038018F /* Assets.xcassets */; };
		7C09496D1DE222250038018F /* LaunchScreen.storyboard in Resources */ = {isa = PBXBuildFile; fileRef = 7C09496B1DE222250038018F /* LaunchScreen.storyboard */; };
		7C0949771DE236D40038018F /* ContainerViewCntroller.swift in Sources */ = {isa = PBXBuildFile; fileRef = 7C0949761DE236D40038018F /* ContainerViewCntroller.swift */; };
		7C09497D1DE240B10038018F /* BaseLoginViewController.swift in Sources */ = {isa = PBXBuildFile; fileRef = 7C09497C1DE240B10038018F /* BaseLoginViewController.swift */; };
		7C24741F1DEEEB0B0012BD88 /* CategoryViewController.swift in Sources */ = {isa = PBXBuildFile; fileRef = 7C24741E1DEEEB0B0012BD88 /* CategoryViewController.swift */; };
		7C2474211DEEEC6C0012BD88 /* CategoryTableViewCell.swift in Sources */ = {isa = PBXBuildFile; fileRef = 7C2474201DEEEC6C0012BD88 /* CategoryTableViewCell.swift */; };
		7C2474251DEF5F2C0012BD88 /* WeightViewController.swift in Sources */ = {isa = PBXBuildFile; fileRef = 7C2474241DEF5F2C0012BD88 /* WeightViewController.swift */; };
		7C2474271DEF60240012BD88 /* ListOfProductsByWeightViewController.swift in Sources */ = {isa = PBXBuildFile; fileRef = 7C2474261DEF60240012BD88 /* ListOfProductsByWeightViewController.swift */; };
		7C2474291DEF60890012BD88 /* ListOfProductsByWeightTableViewCell.swift in Sources */ = {isa = PBXBuildFile; fileRef = 7C2474281DEF60890012BD88 /* ListOfProductsByWeightTableViewCell.swift */; };
		7C2C70151DE45316005DEDCA /* registr_v4-05.jpg in Resources */ = {isa = PBXBuildFile; fileRef = 7C2C70141DE45316005DEDCA /* registr_v4-05.jpg */; };
		7C2C70171DE4B617005DEDCA /* hello_v8-2-05.jpg in Resources */ = {isa = PBXBuildFile; fileRef = 7C2C70161DE4B617005DEDCA /* hello_v8-2-05.jpg */; };
		7C2D16C31DF45A4200A3CF92 /* SignUp.storyboard in Resources */ = {isa = PBXBuildFile; fileRef = 7C2D16C11DF45A4200A3CF92 /* SignUp.storyboard */; };
		7C36EE891DE5CC98007506BC /* Odessa.jpg in Resources */ = {isa = PBXBuildFile; fileRef = 7C36EE881DE5CC98007506BC /* Odessa.jpg */; };
		7C36EE8D1DE5F6FE007506BC /* MainTableViewCell.swift in Sources */ = {isa = PBXBuildFile; fileRef = 7C36EE8C1DE5F6FE007506BC /* MainTableViewCell.swift */; };
		7C36EE8F1DE5F742007506BC /* DetailsProductViewController.swift in Sources */ = {isa = PBXBuildFile; fileRef = 7C36EE8E1DE5F742007506BC /* DetailsProductViewController.swift */; };
		7C36EE911DE5F791007506BC /* Products.swift in Sources */ = {isa = PBXBuildFile; fileRef = 7C36EE901DE5F791007506BC /* Products.swift */; };
		7C36EE931DE63C63007506BC /* check_v1-05.jpg in Resources */ = {isa = PBXBuildFile; fileRef = 7C36EE921DE63C63007506BC /* check_v1-05.jpg */; };
		7CF26A8B1DF8A4C9004C627E /* WeightCollectionViewCell.swift in Sources */ = {isa = PBXBuildFile; fileRef = 7CF26A8A1DF8A4C9004C627E /* WeightCollectionViewCell.swift */; };
		7CF26A9F1DF8BC64004C627E /* menuImage.png in Resources */ = {isa = PBXBuildFile; fileRef = 7CF26A9A1DF8BC64004C627E /* menuImage.png */; };
		7CF26AA01DF8BC64004C627E /* menuImage5.png in Resources */ = {isa = PBXBuildFile; fileRef = 7CF26A9B1DF8BC64004C627E /* menuImage5.png */; };
		7CF26AA11DF8BC64004C627E /* menuImage4.png in Resources */ = {isa = PBXBuildFile; fileRef = 7CF26A9C1DF8BC64004C627E /* menuImage4.png */; };
		7CF26AA21DF8BC64004C627E /* menuImage3.png in Resources */ = {isa = PBXBuildFile; fileRef = 7CF26A9D1DF8BC64004C627E /* menuImage3.png */; };
		7CF26AA31DF8BC64004C627E /* menuImage2.png in Resources */ = {isa = PBXBuildFile; fileRef = 7CF26A9E1DF8BC64004C627E /* menuImage2.png */; };
		7CF26AA51DF8C4DD004C627E /* Main.storyboard in Resources */ = {isa = PBXBuildFile; fileRef = 7CF26AA41DF8C4DD004C627E /* Main.storyboard */; };
		ECB15A486BFFAEA0F10517DD /* Pods_Mandarin.framework in Frameworks */ = {isa = PBXBuildFile; fileRef = 6B104AC557B3A7A971D59079 /* Pods_Mandarin.framework */; };
/* End PBXBuildFile section */

/* Begin PBXFileReference section */
		5621B57B1DE2DDDE00C3B612 /* BaseViewController.swift */ = {isa = PBXFileReference; fileEncoding = 4; lastKnownFileType = sourcecode.swift; name = BaseViewController.swift; path = ViewController/BaseViewController/BaseViewController.swift; sourceTree = "<group>"; };
		5621B5801DE2DF1700C3B612 /* Keyboard.swift */ = {isa = PBXFileReference; fileEncoding = 4; lastKnownFileType = sourcecode.swift; name = Keyboard.swift; path = Extension/Keyboard.swift; sourceTree = "<group>"; };
		5621B5821DE2DF7500C3B612 /* Logger.swift */ = {isa = PBXFileReference; fileEncoding = 4; lastKnownFileType = sourcecode.swift; name = Logger.swift; path = Extension/Logger.swift; sourceTree = "<group>"; };
		5621B5841DE2DF8700C3B612 /* Storyboard+Ext.swift */ = {isa = PBXFileReference; fileEncoding = 4; lastKnownFileType = sourcecode.swift; name = "Storyboard+Ext.swift"; path = "Extension/Storyboard+Ext.swift"; sourceTree = "<group>"; };
		5621B5861DE2DF8E00C3B612 /* String+Ext.swift */ = {isa = PBXFileReference; fileEncoding = 4; lastKnownFileType = sourcecode.swift; name = "String+Ext.swift"; path = "Extension/String+Ext.swift"; sourceTree = "<group>"; };
		5621B5881DE2DFA300C3B612 /* Dispatch.swift */ = {isa = PBXFileReference; fileEncoding = 4; lastKnownFileType = sourcecode.swift; name = Dispatch.swift; path = Extension/Dispatch.swift; sourceTree = "<group>"; };
		5621B58A1DE2DFB500C3B612 /* APIRequest.swift */ = {isa = PBXFileReference; fileEncoding = 4; lastKnownFileType = sourcecode.swift; name = APIRequest.swift; path = Extension/APIRequest.swift; sourceTree = "<group>"; };
		5621B58C1DE2DFF700C3B612 /* Notifier.swift */ = {isa = PBXFileReference; fileEncoding = 4; lastKnownFileType = sourcecode.swift; name = Notifier.swift; path = Extension/Notifier.swift; sourceTree = "<group>"; };
		5621B58E1DE2E07600C3B612 /* Constants.swift */ = {isa = PBXFileReference; fileEncoding = 4; lastKnownFileType = sourcecode.swift; path = Constants.swift; sourceTree = "<group>"; };
		5621B5901DE2E0CA00C3B612 /* View+Ext.swift */ = {isa = PBXFileReference; fileEncoding = 4; lastKnownFileType = sourcecode.swift; name = "View+Ext.swift"; path = "Extension/View+Ext.swift"; sourceTree = "<group>"; };
		5621B5921DE2E0D200C3B612 /* UIAlertController+Ext.swift */ = {isa = PBXFileReference; fileEncoding = 4; lastKnownFileType = sourcecode.swift; name = "UIAlertController+Ext.swift"; path = "Extension/UIAlertController+Ext.swift"; sourceTree = "<group>"; };
		5621B5941DE2E0E300C3B612 /* ConfirmView.swift */ = {isa = PBXFileReference; fileEncoding = 4; lastKnownFileType = sourcecode.swift; name = ConfirmView.swift; path = View/ConfirmView.swift; sourceTree = "<group>"; };
		5621B5961DE2E0F000C3B612 /* Label.swift */ = {isa = PBXFileReference; fileEncoding = 4; lastKnownFileType = sourcecode.swift; name = Label.swift; path = View/Label.swift; sourceTree = "<group>"; };
		5621B5981DE2E0F600C3B612 /* Button.swift */ = {isa = PBXFileReference; fileEncoding = 4; lastKnownFileType = sourcecode.swift; name = Button.swift; path = View/Button.swift; sourceTree = "<group>"; };
		5621B59A1DE2E1F400C3B612 /* TextField.swift */ = {isa = PBXFileReference; fileEncoding = 4; lastKnownFileType = sourcecode.swift; name = TextField.swift; path = View/TextField.swift; sourceTree = "<group>"; };
		563474301DEDBA21004ECDC4 /* SegmentControl.swift */ = {isa = PBXFileReference; fileEncoding = 4; lastKnownFileType = sourcecode.swift; name = SegmentControl.swift; path = View/SegmentControl.swift; sourceTree = "<group>"; };
		563474321DEDBC1B004ECDC4 /* GenericCollections+Ext.swift */ = {isa = PBXFileReference; fileEncoding = 4; lastKnownFileType = sourcecode.swift; name = "GenericCollections+Ext.swift"; path = "Extension/GenericCollections+Ext.swift"; sourceTree = "<group>"; };
		563474341DEDC0DE004ECDC4 /* MainViewController.swift */ = {isa = PBXFileReference; fileEncoding = 4; lastKnownFileType = sourcecode.swift; name = MainViewController.swift; path = ViewController/MainViewController/MainViewController.swift; sourceTree = "<group>"; };
		563474361DEDC3E9004ECDC4 /* Feeds.swift */ = {isa = PBXFileReference; fileEncoding = 4; lastKnownFileType = sourcecode.swift; name = Feeds.swift; path = Model/Feeds.swift; sourceTree = "<group>"; };
		563F94FE1DF4C4A90053EFF0 /* Product.swift */ = {isa = PBXFileReference; fileEncoding = 4; lastKnownFileType = sourcecode.swift; name = Product.swift; path = Model/Product.swift; sourceTree = "<group>"; };
		56574A921DF33241009C2466 /* User.swift */ = {isa = PBXFileReference; fileEncoding = 4; lastKnownFileType = sourcecode.swift; name = User.swift; path = Model/User.swift; sourceTree = "<group>"; };
		56737B9A1DF616950007518C /* Category.swift */ = {isa = PBXFileReference; fileEncoding = 4; lastKnownFileType = sourcecode.swift; name = Category.swift; path = Model/Category.swift; sourceTree = "<group>"; };
		567C5D3D1DE37BE900776171 /* Mandarin-Bridging-Header.h */ = {isa = PBXFileReference; lastKnownFileType = sourcecode.c.h; path = "Mandarin-Bridging-Header.h"; sourceTree = SOURCE_ROOT; };
		56899DCF1DE9879B00EF02FE /* GoogleService-Info.plist */ = {isa = PBXFileReference; fileEncoding = 4; lastKnownFileType = text.plist.xml; path = "GoogleService-Info.plist"; sourceTree = "<group>"; };
		56B0FBCF1DE97B4500DC1600 /* mandarin.ttf */ = {isa = PBXFileReference; lastKnownFileType = file; path = mandarin.ttf; sourceTree = "<group>"; };
		56C682FA1DEB78520001790B /* Mandarin.entitlements */ = {isa = PBXFileReference; lastKnownFileType = text.plist.entitlements; path = Mandarin.entitlements; sourceTree = "<group>"; };
		56CEB7841DE47A1800E84345 /* UIColor+Ext.swift */ = {isa = PBXFileReference; fileEncoding = 4; lastKnownFileType = sourcecode.swift; name = "UIColor+Ext.swift"; path = "Extension/UIColor+Ext.swift"; sourceTree = "<group>"; };
		56CEB7861DE4862B00E84345 /* BezierPath+Ext.swift */ = {isa = PBXFileReference; fileEncoding = 4; lastKnownFileType = sourcecode.swift; name = "BezierPath+Ext.swift"; path = "Extension/BezierPath+Ext.swift"; sourceTree = "<group>"; };
		59C633C6F7C974462971A9F1 /* Pods-Mandarin.debug.xcconfig */ = {isa = PBXFileReference; includeInIndex = 1; lastKnownFileType = text.xcconfig; name = "Pods-Mandarin.debug.xcconfig"; path = "Pods/Target Support Files/Pods-Mandarin/Pods-Mandarin.debug.xcconfig"; sourceTree = "<group>"; };
		6B104AC557B3A7A971D59079 /* Pods_Mandarin.framework */ = {isa = PBXFileReference; explicitFileType = wrapper.framework; includeInIndex = 0; path = Pods_Mandarin.framework; sourceTree = BUILT_PRODUCTS_DIR; };
		6C54CC98AB82A309CE8319DC /* Pods-Mandarin.release.xcconfig */ = {isa = PBXFileReference; includeInIndex = 1; lastKnownFileType = text.xcconfig; name = "Pods-Mandarin.release.xcconfig"; path = "Pods/Target Support Files/Pods-Mandarin/Pods-Mandarin.release.xcconfig"; sourceTree = "<group>"; };
		7C09495F1DE222250038018F /* Mandarin.app */ = {isa = PBXFileReference; explicitFileType = wrapper.application; includeInIndex = 0; path = Mandarin.app; sourceTree = BUILT_PRODUCTS_DIR; };
		7C0949621DE222250038018F /* AppDelegate.swift */ = {isa = PBXFileReference; lastKnownFileType = sourcecode.swift; path = AppDelegate.swift; sourceTree = "<group>"; };
		7C0949691DE222250038018F /* Assets.xcassets */ = {isa = PBXFileReference; lastKnownFileType = folder.assetcatalog; path = Assets.xcassets; sourceTree = "<group>"; };
		7C09496C1DE222250038018F /* Base */ = {isa = PBXFileReference; lastKnownFileType = file.storyboard; name = Base; path = Base.lproj/LaunchScreen.storyboard; sourceTree = "<group>"; };
		7C09496E1DE222250038018F /* Info.plist */ = {isa = PBXFileReference; lastKnownFileType = text.plist.xml; path = Info.plist; sourceTree = "<group>"; };
		7C0949761DE236D40038018F /* ContainerViewCntroller.swift */ = {isa = PBXFileReference; fileEncoding = 4; lastKnownFileType = sourcecode.swift; name = ContainerViewCntroller.swift; path = ViewController/MainViewController/ContainerViewCntroller.swift; sourceTree = "<group>"; };
		7C09497C1DE240B10038018F /* BaseLoginViewController.swift */ = {isa = PBXFileReference; fileEncoding = 4; lastKnownFileType = sourcecode.swift; name = BaseLoginViewController.swift; path = ViewController/BaseViewController/BaseLoginViewController.swift; sourceTree = "<group>"; };
		7C24741E1DEEEB0B0012BD88 /* CategoryViewController.swift */ = {isa = PBXFileReference; fileEncoding = 4; lastKnownFileType = sourcecode.swift; name = CategoryViewController.swift; path = ViewController/CategoryViewController/CategoryViewController.swift; sourceTree = "<group>"; };
		7C2474201DEEEC6C0012BD88 /* CategoryTableViewCell.swift */ = {isa = PBXFileReference; fileEncoding = 4; lastKnownFileType = sourcecode.swift; name = CategoryTableViewCell.swift; path = ViewController/CategoryViewController/CategoryTableViewCell.swift; sourceTree = "<group>"; };
		7C2474241DEF5F2C0012BD88 /* WeightViewController.swift */ = {isa = PBXFileReference; fileEncoding = 4; lastKnownFileType = sourcecode.swift; path = WeightViewController.swift; sourceTree = "<group>"; };
		7C2474261DEF60240012BD88 /* ListOfProductsByWeightViewController.swift */ = {isa = PBXFileReference; fileEncoding = 4; lastKnownFileType = sourcecode.swift; name = ListOfProductsByWeightViewController.swift; path = ViewController/ListOfProductsByWeightViewController/ListOfProductsByWeightViewController.swift; sourceTree = "<group>"; };
		7C2474281DEF60890012BD88 /* ListOfProductsByWeightTableViewCell.swift */ = {isa = PBXFileReference; fileEncoding = 4; lastKnownFileType = sourcecode.swift; name = ListOfProductsByWeightTableViewCell.swift; path = ViewController/ListOfProductsByWeightViewController/ListOfProductsByWeightTableViewCell.swift; sourceTree = "<group>"; };
		7C2C70141DE45316005DEDCA /* registr_v4-05.jpg */ = {isa = PBXFileReference; lastKnownFileType = image.jpeg; path = "registr_v4-05.jpg"; sourceTree = "<group>"; };
		7C2C70161DE4B617005DEDCA /* hello_v8-2-05.jpg */ = {isa = PBXFileReference; lastKnownFileType = image.jpeg; path = "hello_v8-2-05.jpg"; sourceTree = "<group>"; };
		7C2D16C11DF45A4200A3CF92 /* SignUp.storyboard */ = {isa = PBXFileReference; fileEncoding = 4; lastKnownFileType = file.storyboard; path = SignUp.storyboard; sourceTree = "<group>"; };
		7C36EE881DE5CC98007506BC /* Odessa.jpg */ = {isa = PBXFileReference; lastKnownFileType = image.jpeg; path = Odessa.jpg; sourceTree = "<group>"; };
		7C36EE8C1DE5F6FE007506BC /* MainTableViewCell.swift */ = {isa = PBXFileReference; fileEncoding = 4; lastKnownFileType = sourcecode.swift; name = MainTableViewCell.swift; path = ViewController/MainViewController/MainTableViewCell.swift; sourceTree = "<group>"; };
		7C36EE8E1DE5F742007506BC /* DetailsProductViewController.swift */ = {isa = PBXFileReference; fileEncoding = 4; lastKnownFileType = sourcecode.swift; path = DetailsProductViewController.swift; sourceTree = "<group>"; };
		7C36EE901DE5F791007506BC /* Products.swift */ = {isa = PBXFileReference; fileEncoding = 4; lastKnownFileType = sourcecode.swift; name = Products.swift; path = Model/Products.swift; sourceTree = "<group>"; };
		7C36EE921DE63C63007506BC /* check_v1-05.jpg */ = {isa = PBXFileReference; lastKnownFileType = image.jpeg; path = "check_v1-05.jpg"; sourceTree = "<group>"; };
		7CF26A8A1DF8A4C9004C627E /* WeightCollectionViewCell.swift */ = {isa = PBXFileReference; fileEncoding = 4; lastKnownFileType = sourcecode.swift; path = WeightCollectionViewCell.swift; sourceTree = "<group>"; };
		7CF26A9A1DF8BC64004C627E /* menuImage.png */ = {isa = PBXFileReference; lastKnownFileType = image.png; path = menuImage.png; sourceTree = "<group>"; };
		7CF26A9B1DF8BC64004C627E /* menuImage5.png */ = {isa = PBXFileReference; lastKnownFileType = image.png; path = menuImage5.png; sourceTree = "<group>"; };
		7CF26A9C1DF8BC64004C627E /* menuImage4.png */ = {isa = PBXFileReference; lastKnownFileType = image.png; path = menuImage4.png; sourceTree = "<group>"; };
		7CF26A9D1DF8BC64004C627E /* menuImage3.png */ = {isa = PBXFileReference; lastKnownFileType = image.png; path = menuImage3.png; sourceTree = "<group>"; };
		7CF26A9E1DF8BC64004C627E /* menuImage2.png */ = {isa = PBXFileReference; lastKnownFileType = image.png; path = menuImage2.png; sourceTree = "<group>"; };
		7CF26AA41DF8C4DD004C627E /* Main.storyboard */ = {isa = PBXFileReference; fileEncoding = 4; lastKnownFileType = file.storyboard; path = Main.storyboard; sourceTree = "<group>"; };
/* End PBXFileReference section */

/* Begin PBXFrameworksBuildPhase section */
		7C09495C1DE222250038018F /* Frameworks */ = {
			isa = PBXFrameworksBuildPhase;
			buildActionMask = 2147483647;
			files = (
				ECB15A486BFFAEA0F10517DD /* Pods_Mandarin.framework in Frameworks */,
			);
			runOnlyForDeploymentPostprocessing = 0;
		};
/* End PBXFrameworksBuildPhase section */

/* Begin PBXGroup section */
		20DD497CF19ED60CA2ECF05D /* Pods */ = {
			isa = PBXGroup;
			children = (
				59C633C6F7C974462971A9F1 /* Pods-Mandarin.debug.xcconfig */,
				6C54CC98AB82A309CE8319DC /* Pods-Mandarin.release.xcconfig */,
			);
			name = Pods;
			sourceTree = "<group>";
		};
		21949D324E7A39284F117969 /* Frameworks */ = {
			isa = PBXGroup;
			children = (
				6B104AC557B3A7A971D59079 /* Pods_Mandarin.framework */,
			);
			name = Frameworks;
			sourceTree = "<group>";
		};
		5621B57D1DE2DEDB00C3B612 /* Model */ = {
			isa = PBXGroup;
			children = (
				7C36EE901DE5F791007506BC /* Products.swift */,
				563F94FE1DF4C4A90053EFF0 /* Product.swift */,
				563474361DEDC3E9004ECDC4 /* Feeds.swift */,
				56737B9A1DF616950007518C /* Category.swift */,
				56574A921DF33241009C2466 /* User.swift */,
			);
			name = Model;
			sourceTree = "<group>";
		};
		5621B57E1DE2DEE400C3B612 /* Extension */ = {
			isa = PBXGroup;
			children = (
				563474321DEDBC1B004ECDC4 /* GenericCollections+Ext.swift */,
				56CEB7861DE4862B00E84345 /* BezierPath+Ext.swift */,
				5621B5921DE2E0D200C3B612 /* UIAlertController+Ext.swift */,
				56CEB7841DE47A1800E84345 /* UIColor+Ext.swift */,
				5621B5901DE2E0CA00C3B612 /* View+Ext.swift */,
				5621B58A1DE2DFB500C3B612 /* APIRequest.swift */,
				5621B5841DE2DF8700C3B612 /* Storyboard+Ext.swift */,
				5621B5821DE2DF7500C3B612 /* Logger.swift */,
				5621B5801DE2DF1700C3B612 /* Keyboard.swift */,
				5621B5861DE2DF8E00C3B612 /* String+Ext.swift */,
				5621B5881DE2DFA300C3B612 /* Dispatch.swift */,
				5621B58C1DE2DFF700C3B612 /* Notifier.swift */,
			);
			name = Extension;
			sourceTree = "<group>";
		};
		5621B57F1DE2DEF500C3B612 /* View */ = {
			isa = PBXGroup;
			children = (
				563474301DEDBA21004ECDC4 /* SegmentControl.swift */,
				5621B5941DE2E0E300C3B612 /* ConfirmView.swift */,
				5621B5961DE2E0F000C3B612 /* Label.swift */,
				5621B5981DE2E0F600C3B612 /* Button.swift */,
				5621B59A1DE2E1F400C3B612 /* TextField.swift */,
			);
			name = View;
			sourceTree = "<group>";
		};
		563474481DF16420004ECDC4 /* MainViewController */ = {
			isa = PBXGroup;
			children = (
				563474341DEDC0DE004ECDC4 /* MainViewController.swift */,
				7C36EE8C1DE5F6FE007506BC /* MainTableViewCell.swift */,
				7C0949761DE236D40038018F /* ContainerViewCntroller.swift */,
			);
			name = MainViewController;
			sourceTree = "<group>";
		};
		563474491DF164AC004ECDC4 /* BaseViewController */ = {
			isa = PBXGroup;
			children = (
				5621B57B1DE2DDDE00C3B612 /* BaseViewController.swift */,
				7C09497C1DE240B10038018F /* BaseLoginViewController.swift */,
			);
			name = BaseViewController;
			sourceTree = "<group>";
		};
		5634744A1DF164E4004ECDC4 /* CategoryViewController */ = {
			isa = PBXGroup;
			children = (
				7C24741E1DEEEB0B0012BD88 /* CategoryViewController.swift */,
				7C2474201DEEEC6C0012BD88 /* CategoryTableViewCell.swift */,
			);
			name = CategoryViewController;
			sourceTree = "<group>";
		};
		5634744B1DF16528004ECDC4 /* ListOfProductsByWeightViewController */ = {
			isa = PBXGroup;
			children = (
				7C2474261DEF60240012BD88 /* ListOfProductsByWeightViewController.swift */,
				7C2474281DEF60890012BD88 /* ListOfProductsByWeightTableViewCell.swift */,
			);
			name = ListOfProductsByWeightViewController;
			sourceTree = "<group>";
		};
		7C0949561DE222250038018F = {
			isa = PBXGroup;
			children = (
				7C0949611DE222250038018F /* Mandarin */,
				7C0949601DE222250038018F /* Products */,
				20DD497CF19ED60CA2ECF05D /* Pods */,
				21949D324E7A39284F117969 /* Frameworks */,
			);
			sourceTree = "<group>";
		};
		7C0949601DE222250038018F /* Products */ = {
			isa = PBXGroup;
			children = (
				7C09495F1DE222250038018F /* Mandarin.app */,
			);
			name = Products;
			sourceTree = "<group>";
		};
		7C0949611DE222250038018F /* Mandarin */ = {
			isa = PBXGroup;
			children = (
				56C682FA1DEB78520001790B /* Mandarin.entitlements */,
				7C0949621DE222250038018F /* AppDelegate.swift */,
				5621B58E1DE2E07600C3B612 /* Constants.swift */,
				5621B57F1DE2DEF500C3B612 /* View */,
				5621B57D1DE2DEDB00C3B612 /* Model */,
				7C0949751DE2368E0038018F /* View Controllers */,
				5621B57E1DE2DEE400C3B612 /* Extension */,
				7C2C700F1DE44CDC005DEDCA /* Images  */,
				7C2D16C11DF45A4200A3CF92 /* SignUp.storyboard */,
				7CF26AA41DF8C4DD004C627E /* Main.storyboard */,
				7C0949691DE222250038018F /* Assets.xcassets */,
				7C09496B1DE222250038018F /* LaunchScreen.storyboard */,
				7C09496E1DE222250038018F /* Info.plist */,
				56899DCF1DE9879B00EF02FE /* GoogleService-Info.plist */,
				567C5D3D1DE37BE900776171 /* Mandarin-Bridging-Header.h */,
				56B0FBCF1DE97B4500DC1600 /* mandarin.ttf */,
			);
			path = Mandarin;
			sourceTree = "<group>";
		};
		7C0949751DE2368E0038018F /* View Controllers */ = {
			isa = PBXGroup;
			children = (
				5634744B1DF16528004ECDC4 /* ListOfProductsByWeightViewController */,
				5634744A1DF164E4004ECDC4 /* CategoryViewController */,
				563474491DF164AC004ECDC4 /* BaseViewController */,
				563474481DF16420004ECDC4 /* MainViewController */,
				7CF26A861DF82EC3004C627E /* WeightViewController */,
				7CF26A871DF82EFD004C627E /* DetailsProductViewController */,
			);
			name = "View Controllers";
			sourceTree = "<group>";
		};
		7C2C700F1DE44CDC005DEDCA /* Images  */ = {
			isa = PBXGroup;
			children = (
				7CF26A9A1DF8BC64004C627E /* menuImage.png */,
				7CF26A9E1DF8BC64004C627E /* menuImage2.png */,
				7CF26A9D1DF8BC64004C627E /* menuImage3.png */,
				7CF26A9C1DF8BC64004C627E /* menuImage4.png */,
				7CF26A9B1DF8BC64004C627E /* menuImage5.png */,
				7C36EE921DE63C63007506BC /* check_v1-05.jpg */,
				7C36EE881DE5CC98007506BC /* Odessa.jpg */,
				7C2C70161DE4B617005DEDCA /* hello_v8-2-05.jpg */,
				7C2C70141DE45316005DEDCA /* registr_v4-05.jpg */,
			);
			name = "Images ";
			sourceTree = "<group>";
		};
		7CF26A861DF82EC3004C627E /* WeightViewController */ = {
			isa = PBXGroup;
			children = (
				7C2474241DEF5F2C0012BD88 /* WeightViewController.swift */,
				7CF26A8A1DF8A4C9004C627E /* WeightCollectionViewCell.swift */,
			);
			name = WeightViewController;
			sourceTree = "<group>";
		};
		7CF26A871DF82EFD004C627E /* DetailsProductViewController */ = {
			isa = PBXGroup;
			children = (
				7C36EE8E1DE5F742007506BC /* DetailsProductViewController.swift */,
			);
			name = DetailsProductViewController;
			sourceTree = "<group>";
		};
/* End PBXGroup section */

/* Begin PBXNativeTarget section */
		7C09495E1DE222250038018F /* Mandarin */ = {
			isa = PBXNativeTarget;
			buildConfigurationList = 7C0949711DE222250038018F /* Build configuration list for PBXNativeTarget "Mandarin" */;
			buildPhases = (
				54E9FA394A6A3D384B0468A0 /* [CP] Check Pods Manifest.lock */,
				7C09495B1DE222250038018F /* Sources */,
				7C09495C1DE222250038018F /* Frameworks */,
				7C09495D1DE222250038018F /* Resources */,
				EF600FEF29E36A053D759117 /* [CP] Embed Pods Frameworks */,
				6AFF35BAD9A68E4D2E91554A /* [CP] Copy Pods Resources */,
			);
			buildRules = (
			);
			dependencies = (
			);
			name = Mandarin;
			productName = Mandarin;
			productReference = 7C09495F1DE222250038018F /* Mandarin.app */;
			productType = "com.apple.product-type.application";
		};
/* End PBXNativeTarget section */

/* Begin PBXProject section */
		7C0949571DE222250038018F /* Project object */ = {
			isa = PBXProject;
			attributes = {
				LastSwiftUpdateCheck = 0800;
				LastUpgradeCheck = 0800;
				ORGANIZATIONNAME = Oleg;
				TargetAttributes = {
					7C09495E1DE222250038018F = {
						CreatedOnToolsVersion = 8.0;
						DevelopmentTeam = 224SJKKLQ3;
						LastSwiftMigration = 0810;
						ProvisioningStyle = Automatic;
						SystemCapabilities = {
							com.apple.Keychain = {
								enabled = 1;
							};
						};
					};
				};
			};
			buildConfigurationList = 7C09495A1DE222250038018F /* Build configuration list for PBXProject "Mandarin" */;
			compatibilityVersion = "Xcode 3.2";
			developmentRegion = English;
			hasScannedForEncodings = 0;
			knownRegions = (
				en,
				Base,
			);
			mainGroup = 7C0949561DE222250038018F;
			productRefGroup = 7C0949601DE222250038018F /* Products */;
			projectDirPath = "";
			projectRoot = "";
			targets = (
				7C09495E1DE222250038018F /* Mandarin */,
			);
		};
/* End PBXProject section */

/* Begin PBXResourcesBuildPhase section */
		7C09495D1DE222250038018F /* Resources */ = {
			isa = PBXResourcesBuildPhase;
			buildActionMask = 2147483647;
			files = (
				56B0FBD01DE97B4800DC1600 /* mandarin.ttf in Resources */,
				7C2C70151DE45316005DEDCA /* registr_v4-05.jpg in Resources */,
				7CF26AA01DF8BC64004C627E /* menuImage5.png in Resources */,
				7C09496D1DE222250038018F /* LaunchScreen.storyboard in Resources */,
				7C2C70171DE4B617005DEDCA /* hello_v8-2-05.jpg in Resources */,
				7C09496A1DE222250038018F /* Assets.xcassets in Resources */,
				7CF26AA21DF8BC64004C627E /* menuImage3.png in Resources */,
				7C36EE931DE63C63007506BC /* check_v1-05.jpg in Resources */,
				7CF26A9F1DF8BC64004C627E /* menuImage.png in Resources */,
				56899DD01DE9879B00EF02FE /* GoogleService-Info.plist in Resources */,
				7CF26AA51DF8C4DD004C627E /* Main.storyboard in Resources */,
				7C2D16C31DF45A4200A3CF92 /* SignUp.storyboard in Resources */,
				7CF26AA11DF8BC64004C627E /* menuImage4.png in Resources */,
				7C36EE891DE5CC98007506BC /* Odessa.jpg in Resources */,
				7CF26AA31DF8BC64004C627E /* menuImage2.png in Resources */,
			);
			runOnlyForDeploymentPostprocessing = 0;
		};
/* End PBXResourcesBuildPhase section */

/* Begin PBXShellScriptBuildPhase section */
		54E9FA394A6A3D384B0468A0 /* [CP] Check Pods Manifest.lock */ = {
			isa = PBXShellScriptBuildPhase;
			buildActionMask = 2147483647;
			files = (
			);
			inputPaths = (
			);
			name = "[CP] Check Pods Manifest.lock";
			outputPaths = (
			);
			runOnlyForDeploymentPostprocessing = 0;
			shellPath = /bin/sh;
			shellScript = "diff \"${PODS_ROOT}/../Podfile.lock\" \"${PODS_ROOT}/Manifest.lock\" > /dev/null\nif [ $? != 0 ] ; then\n    # print error to STDERR\n    echo \"error: The sandbox is not in sync with the Podfile.lock. Run 'pod install' or update your CocoaPods installation.\" >&2\n    exit 1\nfi\n";
			showEnvVarsInLog = 0;
		};
		6AFF35BAD9A68E4D2E91554A /* [CP] Copy Pods Resources */ = {
			isa = PBXShellScriptBuildPhase;
			buildActionMask = 2147483647;
			files = (
			);
			inputPaths = (
			);
			name = "[CP] Copy Pods Resources";
			outputPaths = (
			);
			runOnlyForDeploymentPostprocessing = 0;
			shellPath = /bin/sh;
			shellScript = "\"${SRCROOT}/Pods/Target Support Files/Pods-Mandarin/Pods-Mandarin-resources.sh\"\n";
			showEnvVarsInLog = 0;
		};
		EF600FEF29E36A053D759117 /* [CP] Embed Pods Frameworks */ = {
			isa = PBXShellScriptBuildPhase;
			buildActionMask = 2147483647;
			files = (
			);
			inputPaths = (
			);
			name = "[CP] Embed Pods Frameworks";
			outputPaths = (
			);
			runOnlyForDeploymentPostprocessing = 0;
			shellPath = /bin/sh;
			shellScript = "\"${SRCROOT}/Pods/Target Support Files/Pods-Mandarin/Pods-Mandarin-frameworks.sh\"\n";
			showEnvVarsInLog = 0;
		};
/* End PBXShellScriptBuildPhase section */

/* Begin PBXSourcesBuildPhase section */
		7C09495B1DE222250038018F /* Sources */ = {
			isa = PBXSourcesBuildPhase;
			buildActionMask = 2147483647;
			files = (
				5621B5891DE2DFA300C3B612 /* Dispatch.swift in Sources */,
				7C36EE8F1DE5F742007506BC /* DetailsProductViewController.swift in Sources */,
				563474371DEDC3E9004ECDC4 /* Feeds.swift in Sources */,
				5621B58D1DE2DFF700C3B612 /* Notifier.swift in Sources */,
				5621B5851DE2DF8700C3B612 /* Storyboard+Ext.swift in Sources */,
				5621B57C1DE2DDDE00C3B612 /* BaseViewController.swift in Sources */,
				56737B9B1DF616950007518C /* Category.swift in Sources */,
				56CEB7851DE47A1800E84345 /* UIColor+Ext.swift in Sources */,
				563474351DEDC0DE004ECDC4 /* MainViewController.swift in Sources */,
				56CEB7871DE4862B00E84345 /* BezierPath+Ext.swift in Sources */,
				5621B5831DE2DF7500C3B612 /* Logger.swift in Sources */,
				7C0949631DE222250038018F /* AppDelegate.swift in Sources */,
				563F94FF1DF4C4A90053EFF0 /* Product.swift in Sources */,
				5621B5971DE2E0F000C3B612 /* Label.swift in Sources */,
				5621B5811DE2DF1700C3B612 /* Keyboard.swift in Sources */,
				7C36EE8D1DE5F6FE007506BC /* MainTableViewCell.swift in Sources */,
				7C0949771DE236D40038018F /* ContainerViewCntroller.swift in Sources */,
				7C2474291DEF60890012BD88 /* ListOfProductsByWeightTableViewCell.swift in Sources */,
				5621B5951DE2E0E300C3B612 /* ConfirmView.swift in Sources */,
				7C24741F1DEEEB0B0012BD88 /* CategoryViewController.swift in Sources */,
				7CF26A8B1DF8A4C9004C627E /* WeightCollectionViewCell.swift in Sources */,
				7C2474211DEEEC6C0012BD88 /* CategoryTableViewCell.swift in Sources */,
				5621B5931DE2E0D200C3B612 /* UIAlertController+Ext.swift in Sources */,
				5621B5871DE2DF8E00C3B612 /* String+Ext.swift in Sources */,
				5621B58B1DE2DFB500C3B612 /* APIRequest.swift in Sources */,
				7C09497D1DE240B10038018F /* BaseLoginViewController.swift in Sources */,
				5621B5911DE2E0CA00C3B612 /* View+Ext.swift in Sources */,
				5621B59B1DE2E1F400C3B612 /* TextField.swift in Sources */,
				7C2474251DEF5F2C0012BD88 /* WeightViewController.swift in Sources */,
				7C36EE911DE5F791007506BC /* Products.swift in Sources */,
				7C2474271DEF60240012BD88 /* ListOfProductsByWeightViewController.swift in Sources */,
				563474311DEDBA21004ECDC4 /* SegmentControl.swift in Sources */,
				5621B58F1DE2E07600C3B612 /* Constants.swift in Sources */,
				563474331DEDBC1B004ECDC4 /* GenericCollections+Ext.swift in Sources */,
				5621B5991DE2E0F600C3B612 /* Button.swift in Sources */,
				56574A931DF33241009C2466 /* User.swift in Sources */,
			);
			runOnlyForDeploymentPostprocessing = 0;
		};
/* End PBXSourcesBuildPhase section */

/* Begin PBXVariantGroup section */
		7C09496B1DE222250038018F /* LaunchScreen.storyboard */ = {
			isa = PBXVariantGroup;
			children = (
				7C09496C1DE222250038018F /* Base */,
			);
			name = LaunchScreen.storyboard;
			sourceTree = "<group>";
		};
/* End PBXVariantGroup section */

/* Begin XCBuildConfiguration section */
		7C09496F1DE222250038018F /* Debug */ = {
			isa = XCBuildConfiguration;
			buildSettings = {
				ALWAYS_SEARCH_USER_PATHS = NO;
				CLANG_ANALYZER_NONNULL = YES;
				CLANG_CXX_LANGUAGE_STANDARD = "gnu++0x";
				CLANG_CXX_LIBRARY = "libc++";
				CLANG_ENABLE_MODULES = YES;
				CLANG_ENABLE_OBJC_ARC = YES;
				CLANG_WARN_BOOL_CONVERSION = YES;
				CLANG_WARN_CONSTANT_CONVERSION = YES;
				CLANG_WARN_DIRECT_OBJC_ISA_USAGE = YES_ERROR;
				CLANG_WARN_DOCUMENTATION_COMMENTS = YES;
				CLANG_WARN_EMPTY_BODY = YES;
				CLANG_WARN_ENUM_CONVERSION = YES;
				CLANG_WARN_INFINITE_RECURSION = YES;
				CLANG_WARN_INT_CONVERSION = YES;
				CLANG_WARN_OBJC_ROOT_CLASS = YES_ERROR;
				CLANG_WARN_SUSPICIOUS_MOVES = YES;
				CLANG_WARN_UNREACHABLE_CODE = YES;
				CLANG_WARN__DUPLICATE_METHOD_MATCH = YES;
				"CODE_SIGN_IDENTITY[sdk=iphoneos*]" = "iPhone Developer";
				COPY_PHASE_STRIP = NO;
				DEBUG_INFORMATION_FORMAT = dwarf;
				ENABLE_STRICT_OBJC_MSGSEND = YES;
				ENABLE_TESTABILITY = YES;
				GCC_C_LANGUAGE_STANDARD = gnu99;
				GCC_DYNAMIC_NO_PIC = NO;
				GCC_NO_COMMON_BLOCKS = YES;
				GCC_OPTIMIZATION_LEVEL = 0;
				GCC_PREPROCESSOR_DEFINITIONS = (
					"DEBUG=1",
					"$(inherited)",
				);
				GCC_WARN_64_TO_32_BIT_CONVERSION = YES;
				GCC_WARN_ABOUT_RETURN_TYPE = YES_ERROR;
				GCC_WARN_UNDECLARED_SELECTOR = YES;
				GCC_WARN_UNINITIALIZED_AUTOS = YES_AGGRESSIVE;
				GCC_WARN_UNUSED_FUNCTION = YES;
				GCC_WARN_UNUSED_VARIABLE = YES;
				IPHONEOS_DEPLOYMENT_TARGET = 10.0;
				MTL_ENABLE_DEBUG_INFO = YES;
				ONLY_ACTIVE_ARCH = YES;
				SDKROOT = iphoneos;
				SWIFT_ACTIVE_COMPILATION_CONDITIONS = DEBUG;
				SWIFT_OPTIMIZATION_LEVEL = "-Onone";
			};
			name = Debug;
		};
		7C0949701DE222250038018F /* Release */ = {
			isa = XCBuildConfiguration;
			buildSettings = {
				ALWAYS_SEARCH_USER_PATHS = NO;
				CLANG_ANALYZER_NONNULL = YES;
				CLANG_CXX_LANGUAGE_STANDARD = "gnu++0x";
				CLANG_CXX_LIBRARY = "libc++";
				CLANG_ENABLE_MODULES = YES;
				CLANG_ENABLE_OBJC_ARC = YES;
				CLANG_WARN_BOOL_CONVERSION = YES;
				CLANG_WARN_CONSTANT_CONVERSION = YES;
				CLANG_WARN_DIRECT_OBJC_ISA_USAGE = YES_ERROR;
				CLANG_WARN_DOCUMENTATION_COMMENTS = YES;
				CLANG_WARN_EMPTY_BODY = YES;
				CLANG_WARN_ENUM_CONVERSION = YES;
				CLANG_WARN_INFINITE_RECURSION = YES;
				CLANG_WARN_INT_CONVERSION = YES;
				CLANG_WARN_OBJC_ROOT_CLASS = YES_ERROR;
				CLANG_WARN_SUSPICIOUS_MOVES = YES;
				CLANG_WARN_UNREACHABLE_CODE = YES;
				CLANG_WARN__DUPLICATE_METHOD_MATCH = YES;
				"CODE_SIGN_IDENTITY[sdk=iphoneos*]" = "iPhone Developer";
				COPY_PHASE_STRIP = NO;
				DEBUG_INFORMATION_FORMAT = "dwarf-with-dsym";
				ENABLE_NS_ASSERTIONS = NO;
				ENABLE_STRICT_OBJC_MSGSEND = YES;
				GCC_C_LANGUAGE_STANDARD = gnu99;
				GCC_NO_COMMON_BLOCKS = YES;
				GCC_WARN_64_TO_32_BIT_CONVERSION = YES;
				GCC_WARN_ABOUT_RETURN_TYPE = YES_ERROR;
				GCC_WARN_UNDECLARED_SELECTOR = YES;
				GCC_WARN_UNINITIALIZED_AUTOS = YES_AGGRESSIVE;
				GCC_WARN_UNUSED_FUNCTION = YES;
				GCC_WARN_UNUSED_VARIABLE = YES;
				IPHONEOS_DEPLOYMENT_TARGET = 10.0;
				MTL_ENABLE_DEBUG_INFO = NO;
				SDKROOT = iphoneos;
				SWIFT_OPTIMIZATION_LEVEL = "-Owholemodule";
				VALIDATE_PRODUCT = YES;
			};
			name = Release;
		};
		7C0949721DE222250038018F /* Debug */ = {
			isa = XCBuildConfiguration;
			baseConfigurationReference = 59C633C6F7C974462971A9F1 /* Pods-Mandarin.debug.xcconfig */;
			buildSettings = {
				ASSETCATALOG_COMPILER_APPICON_NAME = AppIcon;
				CLANG_ENABLE_MODULES = YES;
				CODE_SIGN_ENTITLEMENTS = Mandarin/Mandarin.entitlements;
				DEVELOPMENT_TEAM = 224SJKKLQ3;
				FRAMEWORK_SEARCH_PATHS = (
					"$(inherited)",
					"$(PROJECT_DIR)/Frameworks/Facebook",
					"$(PROJECT_DIR)",
				);
				INFOPLIST_FILE = Mandarin/Info.plist;
				LD_RUNPATH_SEARCH_PATHS = "$(inherited) @executable_path/Frameworks";
				PRODUCT_BUNDLE_IDENTIFIER = com.export.project.mandarin;
				PRODUCT_NAME = "$(TARGET_NAME)";
				SWIFT_OBJC_BRIDGING_HEADER = "Mandarin-Bridging-Header.h";
				SWIFT_OPTIMIZATION_LEVEL = "-Onone";
				SWIFT_VERSION = 3.0;
			};
			name = Debug;
		};
		7C0949731DE222250038018F /* Release */ = {
			isa = XCBuildConfiguration;
			baseConfigurationReference = 6C54CC98AB82A309CE8319DC /* Pods-Mandarin.release.xcconfig */;
			buildSettings = {
				ASSETCATALOG_COMPILER_APPICON_NAME = AppIcon;
				CLANG_ENABLE_MODULES = YES;
				CODE_SIGN_ENTITLEMENTS = Mandarin/Mandarin.entitlements;
				DEVELOPMENT_TEAM = 224SJKKLQ3;
				FRAMEWORK_SEARCH_PATHS = (
					"$(inherited)",
					"$(PROJECT_DIR)",
					"$(PROJECT_DIR)/Frameworks/Facebook",
				);
				INFOPLIST_FILE = Mandarin/Info.plist;
				LD_RUNPATH_SEARCH_PATHS = "$(inherited) @executable_path/Frameworks";
				PRODUCT_BUNDLE_IDENTIFIER = com.export.project.mandarin;
				PRODUCT_NAME = "$(TARGET_NAME)";
				SWIFT_OBJC_BRIDGING_HEADER = "Mandarin-Bridging-Header.h";
				SWIFT_VERSION = 3.0;
			};
			name = Release;
		};
/* End XCBuildConfiguration section */

/* Begin XCConfigurationList section */
		7C09495A1DE222250038018F /* Build configuration list for PBXProject "Mandarin" */ = {
			isa = XCConfigurationList;
			buildConfigurations = (
				7C09496F1DE222250038018F /* Debug */,
				7C0949701DE222250038018F /* Release */,
			);
			defaultConfigurationIsVisible = 0;
			defaultConfigurationName = Release;
		};
		7C0949711DE222250038018F /* Build configuration list for PBXNativeTarget "Mandarin" */ = {
			isa = XCConfigurationList;
			buildConfigurations = (
				7C0949721DE222250038018F /* Debug */,
				7C0949731DE222250038018F /* Release */,
			);
			defaultConfigurationIsVisible = 0;
			defaultConfigurationName = Release;
		};
/* End XCConfigurationList section */
	};
	rootObject = 7C0949571DE222250038018F /* Project object */;
}
